
Microsoft Visual Studio Solution File, Format Version 12.00
# Visual Studio 14
VisualStudioVersion = 14.0.25123.0
MinimumVisualStudioVersion = 10.0.40219.1
Project("{FAE04EC0-301F-11D3-BF4B-00C04F79EFBC}") = "Lesson14", "Lesson14.csproj", "{AF35389F-B9D5-46AC-927E-FADD87AABB5A}"
EndProject
Project("{FAE04EC0-301F-11D3-BF4B-00C04F79EFBC}") = "Common", "..\Common\Common.csproj", "{10674D9E-4CB4-4A58-A460-C05A35A20044}"
EndProject
Global
	GlobalSection(SolutionConfigurationPlatforms) = preSolution
		Debug|Any CPU = Debug|Any CPU
		Release|Any CPU = Release|Any CPU
	EndGlobalSection
	GlobalSection(ProjectConfigurationPlatforms) = postSolution
		{AF35389F-B9D5-46AC-927E-FADD87AABB5A}.Debug|Any CPU.ActiveCfg = Debug|Any CPU
		{AF35389F-B9D5-46AC-927E-FADD87AABB5A}.Debug|Any CPU.Build.0 = Debug|Any CPU
		{AF35389F-B9D5-46AC-927E-FADD87AABB5A}.Release|Any CPU.ActiveCfg = Release|Any CPU
		{AF35389F-B9D5-46AC-927E-FADD87AABB5A}.Release|Any CPU.Build.0 = Release|Any CPU
		{10674D9E-4CB4-4A58-A460-C05A35A20044}.Debug|Any CPU.ActiveCfg = Debug|Any CPU
		{10674D9E-4CB4-4A58-A460-C05A35A20044}.Debug|Any CPU.Build.0 = Debug|Any CPU
		{10674D9E-4CB4-4A58-A460-C05A35A20044}.Release|Any CPU.ActiveCfg = Release|Any CPU
		{10674D9E-4CB4-4A58-A460-C05A35A20044}.Release|Any CPU.Build.0 = Release|Any CPU
	EndGlobalSection
	GlobalSection(SolutionProperties) = preSolution
		HideSolutionNode = FALSE
	EndGlobalSection
EndGlobal
